
Microsoft Visual Studio Solution File, Format Version 12.00
# Visual Studio Version 16
VisualStudioVersion = 16.0.30804.86
MinimumVisualStudioVersion = 10.0.40219.1
Project("{FAE04EC0-301F-11D3-BF4B-00C04F79EFBC}") = "DFA", "DFA\DFA.csproj", "{997B3155-A1DB-4987-B7F1-A74692FF04F5}"
EndProject
Global
	GlobalSection(SolutionConfigurationPlatforms) = preSolution
		Debug|Any CPU = Debug|Any CPU
		Release|Any CPU = Release|Any CPU
	EndGlobalSection
	GlobalSection(ProjectConfigurationPlatforms) = postSolution
		{997B3155-A1DB-4987-B7F1-A74692FF04F5}.Debug|Any CPU.ActiveCfg = Debug|Any CPU
		{997B3155-A1DB-4987-B7F1-A74692FF04F5}.Debug|Any CPU.Build.0 = Debug|Any CPU
		{997B3155-A1DB-4987-B7F1-A74692FF04F5}.Release|Any CPU.ActiveCfg = Release|Any CPU
		{997B3155-A1DB-4987-B7F1-A74692FF04F5}.Release|Any CPU.Build.0 = Release|Any CPU
	EndGlobalSection
	GlobalSection(SolutionProperties) = preSolution
		HideSolutionNode = FALSE
	EndGlobalSection
	GlobalSection(ExtensibilityGlobals) = postSolution
		SolutionGuid = {65BCED8B-7C07-4531-89D0-BA8389D6FA5C}
	EndGlobalSection
EndGlobal
